
Microsoft Visual Studio Solution File, Format Version 12.00
# Visual Studio Version 17
VisualStudioVersion = 17.7.33927.210
MinimumVisualStudioVersion = 10.0.40219.1
Project("{FAE04EC0-301F-11D3-BF4B-00C04F79EFBC}") = "OAuthClient", "OAuthClient\OAuthClient.csproj", "{05D03596-E98C-4DE6-802D-44B08678F7EE}"
EndProject
Global
	GlobalSection(SolutionConfigurationPlatforms) = preSolution
		Debug|Any CPU = Debug|Any CPU
		Release|Any CPU = Release|Any CPU
	EndGlobalSection
	GlobalSection(ProjectConfigurationPlatforms) = postSolution
		{05D03596-E98C-4DE6-802D-44B08678F7EE}.Debug|Any CPU.ActiveCfg = Debug|Any CPU
		{05D03596-E98C-4DE6-802D-44B08678F7EE}.Debug|Any CPU.Build.0 = Debug|Any CPU
		{05D03596-E98C-4DE6-802D-44B08678F7EE}.Release|Any CPU.ActiveCfg = Release|Any CPU
		{05D03596-E98C-4DE6-802D-44B08678F7EE}.Release|Any CPU.Build.0 = Release|Any CPU
	EndGlobalSection
	GlobalSection(SolutionProperties) = preSolution
		HideSolutionNode = FALSE
	EndGlobalSection
	GlobalSection(ExtensibilityGlobals) = postSolution
		SolutionGuid = {12915B9F-1488-4988-A4FD-356923B1792F}
	EndGlobalSection
EndGlobal
