
Microsoft Visual Studio Solution File, Format Version 12.00
# Visual Studio Version 17
VisualStudioVersion = 17.7.33927.210
MinimumVisualStudioVersion = 10.0.40219.1
Project("{FAE04EC0-301F-11D3-BF4B-00C04F79EFBC}") = "IndentityManagement", "IndentityManagement\IndentityManagement.csproj", "{2EB5CCBE-0F30-4099-BE65-8D4A51D3C4B7}"
EndProject
Global
	GlobalSection(SolutionConfigurationPlatforms) = preSolution
		Debug|Any CPU = Debug|Any CPU
		Release|Any CPU = Release|Any CPU
	EndGlobalSection
	GlobalSection(ProjectConfigurationPlatforms) = postSolution
		{2EB5CCBE-0F30-4099-BE65-8D4A51D3C4B7}.Debug|Any CPU.ActiveCfg = Debug|Any CPU
		{2EB5CCBE-0F30-4099-BE65-8D4A51D3C4B7}.Debug|Any CPU.Build.0 = Debug|Any CPU
		{2EB5CCBE-0F30-4099-BE65-8D4A51D3C4B7}.Release|Any CPU.ActiveCfg = Release|Any CPU
		{2EB5CCBE-0F30-4099-BE65-8D4A51D3C4B7}.Release|Any CPU.Build.0 = Release|Any CPU
	EndGlobalSection
	GlobalSection(SolutionProperties) = preSolution
		HideSolutionNode = FALSE
	EndGlobalSection
	GlobalSection(ExtensibilityGlobals) = postSolution
		SolutionGuid = {DE6718AE-7E7F-4B06-B269-310C717994F2}
	EndGlobalSection
EndGlobal
