
Microsoft Visual Studio Solution File, Format Version 12.00
# Visual Studio Version 17
VisualStudioVersion = 17.7.34202.233
MinimumVisualStudioVersion = 10.0.40219.1
Project("{FAE04EC0-301F-11D3-BF4B-00C04F79EFBC}") = "Stateful", "Stateful\Stateful.csproj", "{03D3E0DC-9694-440F-B359-C7FEFCEC0D79}"
EndProject
Project("{FAE04EC0-301F-11D3-BF4B-00C04F79EFBC}") = "Stateless", "Stateless\Stateless.csproj", "{51545F8B-0F4D-46DF-A6AF-6499AC7BBBCA}"
EndProject
Global
	GlobalSection(SolutionConfigurationPlatforms) = preSolution
		Debug|Any CPU = Debug|Any CPU
		Release|Any CPU = Release|Any CPU
	EndGlobalSection
	GlobalSection(ProjectConfigurationPlatforms) = postSolution
		{03D3E0DC-9694-440F-B359-C7FEFCEC0D79}.Debug|Any CPU.ActiveCfg = Debug|Any CPU
		{03D3E0DC-9694-440F-B359-C7FEFCEC0D79}.Debug|Any CPU.Build.0 = Debug|Any CPU
		{03D3E0DC-9694-440F-B359-C7FEFCEC0D79}.Release|Any CPU.ActiveCfg = Release|Any CPU
		{03D3E0DC-9694-440F-B359-C7FEFCEC0D79}.Release|Any CPU.Build.0 = Release|Any CPU
		{51545F8B-0F4D-46DF-A6AF-6499AC7BBBCA}.Debug|Any CPU.ActiveCfg = Debug|Any CPU
		{51545F8B-0F4D-46DF-A6AF-6499AC7BBBCA}.Debug|Any CPU.Build.0 = Debug|Any CPU
		{51545F8B-0F4D-46DF-A6AF-6499AC7BBBCA}.Release|Any CPU.ActiveCfg = Release|Any CPU
		{51545F8B-0F4D-46DF-A6AF-6499AC7BBBCA}.Release|Any CPU.Build.0 = Release|Any CPU
	EndGlobalSection
	GlobalSection(SolutionProperties) = preSolution
		HideSolutionNode = FALSE
	EndGlobalSection
	GlobalSection(ExtensibilityGlobals) = postSolution
		SolutionGuid = {11F7543C-0218-4370-B95A-6989C906F4F5}
	EndGlobalSection
EndGlobal
