
Microsoft Visual Studio Solution File, Format Version 12.00
# Visual Studio Version 17
VisualStudioVersion = 17.7.33927.210
MinimumVisualStudioVersion = 10.0.40219.1
Project("{FAE04EC0-301F-11D3-BF4B-00C04F79EFBC}") = "AuthenticationSchemas", "AuthenticationSchemas\AuthenticationSchemas.csproj", "{C8AD751D-A953-4F09-A7AB-CAD251D21134}"
EndProject
Global
	GlobalSection(SolutionConfigurationPlatforms) = preSolution
		Debug|Any CPU = Debug|Any CPU
		Release|Any CPU = Release|Any CPU
	EndGlobalSection
	GlobalSection(ProjectConfigurationPlatforms) = postSolution
		{C8AD751D-A953-4F09-A7AB-CAD251D21134}.Debug|Any CPU.ActiveCfg = Debug|Any CPU
		{C8AD751D-A953-4F09-A7AB-CAD251D21134}.Debug|Any CPU.Build.0 = Debug|Any CPU
		{C8AD751D-A953-4F09-A7AB-CAD251D21134}.Release|Any CPU.ActiveCfg = Release|Any CPU
		{C8AD751D-A953-4F09-A7AB-CAD251D21134}.Release|Any CPU.Build.0 = Release|Any CPU
	EndGlobalSection
	GlobalSection(SolutionProperties) = preSolution
		HideSolutionNode = FALSE
	EndGlobalSection
	GlobalSection(ExtensibilityGlobals) = postSolution
		SolutionGuid = {A0E6F621-25FD-40DA-A881-E4492E84B8FA}
	EndGlobalSection
EndGlobal
